// !$*UTF8*$!
{
	archiveVersion = 1;
	classes = {
	};
	objectVersion = 46;
	objects = {

/* Begin PBXBuildFile section */
		27BDE0A51AB9B97600DBF0DA /* FirstWeekViewController.m in Sources */ = {isa = PBXBuildFile; fileRef = 27BDE0A41AB9B97600DBF0DA /* FirstWeekViewController.m */; };
		27BDE0A81AB9BC2700DBF0DA /* BaseNavigationController.m in Sources */ = {isa = PBXBuildFile; fileRef = 27BDE0A71AB9BC2700DBF0DA /* BaseNavigationController.m */; };
		492CC92819405F920026422A /* Foundation.framework in Frameworks */ = {isa = PBXBuildFile; fileRef = 492CC92719405F910026422A /* Foundation.framework */; };
		492CC92A19405F920026422A /* CoreGraphics.framework in Frameworks */ = {isa = PBXBuildFile; fileRef = 492CC92919405F920026422A /* CoreGraphics.framework */; };
		492CC92C19405F920026422A /* UIKit.framework in Frameworks */ = {isa = PBXBuildFile; fileRef = 492CC92B19405F920026422A /* UIKit.framework */; };
		492CC93219405F920026422A /* InfoPlist.strings in Resources */ = {isa = PBXBuildFile; fileRef = 492CC93019405F920026422A /* InfoPlist.strings */; };
		492CC93419405F920026422A /* main.m in Sources */ = {isa = PBXBuildFile; fileRef = 492CC93319405F920026422A /* main.m */; };
		492CC93819405F920026422A /* AppDelegate.m in Sources */ = {isa = PBXBuildFile; fileRef = 492CC93719405F920026422A /* AppDelegate.m */; };
		492CC93A19405F920026422A /* Images.xcassets in Resources */ = {isa = PBXBuildFile; fileRef = 492CC93919405F920026422A /* Images.xcassets */; };
		492CC94119405F920026422A /* XCTest.framework in Frameworks */ = {isa = PBXBuildFile; fileRef = 492CC94019405F920026422A /* XCTest.framework */; };
		492CC94219405F920026422A /* Foundation.framework in Frameworks */ = {isa = PBXBuildFile; fileRef = 492CC92719405F910026422A /* Foundation.framework */; };
		492CC94319405F920026422A /* UIKit.framework in Frameworks */ = {isa = PBXBuildFile; fileRef = 492CC92B19405F920026422A /* UIKit.framework */; };
		492CC94B19405F920026422A /* InfoPlist.strings in Resources */ = {isa = PBXBuildFile; fileRef = 492CC94919405F920026422A /* InfoPlist.strings */; };
		492CC94D19405F920026422A /* TableViewTests.m in Sources */ = {isa = PBXBuildFile; fileRef = 492CC94C19405F920026422A /* TableViewTests.m */; };
		492CC95A194060040026422A /* ListTableViewCell.m in Sources */ = {isa = PBXBuildFile; fileRef = 492CC957194060040026422A /* ListTableViewCell.m */; };
		492CC95B194060040026422A /* HomeViewController.m in Sources */ = {isa = PBXBuildFile; fileRef = 492CC959194060040026422A /* HomeViewController.m */; };
/* End PBXBuildFile section */

/* Begin PBXContainerItemProxy section */
		492CC94419405F920026422A /* PBXContainerItemProxy */ = {
			isa = PBXContainerItemProxy;
			containerPortal = 492CC91C19405F910026422A /* Project object */;
			proxyType = 1;
			remoteGlobalIDString = 492CC92319405F910026422A;
			remoteInfo = TableView;
		};
/* End PBXContainerItemProxy section */

/* Begin PBXFileReference section */
		27BDE0A31AB9B97600DBF0DA /* FirstWeekViewController.h */ = {isa = PBXFileReference; fileEncoding = 4; lastKnownFileType = sourcecode.c.h; name = FirstWeekViewController.h; path = TableView/WeeksViewController/FirstWeekViewController.h; sourceTree = "<group>"; };
		27BDE0A41AB9B97600DBF0DA /* FirstWeekViewController.m */ = {isa = PBXFileReference; fileEncoding = 4; lastKnownFileType = sourcecode.c.objc; name = FirstWeekViewController.m; path = TableView/WeeksViewController/FirstWeekViewController.m; sourceTree = "<group>"; };
		27BDE0A61AB9BC2700DBF0DA /* BaseNavigationController.h */ = {isa = PBXFileReference; fileEncoding = 4; lastKnownFileType = sourcecode.c.h; path = BaseNavigationController.h; sourceTree = "<group>"; };
		27BDE0A71AB9BC2700DBF0DA /* BaseNavigationController.m */ = {isa = PBXFileReference; fileEncoding = 4; lastKnownFileType = sourcecode.c.objc; path = BaseNavigationController.m; sourceTree = "<group>"; };
		492CC92419405F910026422A /* TableView.app */ = {isa = PBXFileReference; explicitFileType = wrapper.application; includeInIndex = 0; path = TableView.app; sourceTree = BUILT_PRODUCTS_DIR; };
		492CC92719405F910026422A /* Foundation.framework */ = {isa = PBXFileReference; lastKnownFileType = wrapper.framework; name = Foundation.framework; path = System/Library/Frameworks/Foundation.framework; sourceTree = SDKROOT; };
		492CC92919405F920026422A /* CoreGraphics.framework */ = {isa = PBXFileReference; lastKnownFileType = wrapper.framework; name = CoreGraphics.framework; path = System/Library/Frameworks/CoreGraphics.framework; sourceTree = SDKROOT; };
		492CC92B19405F920026422A /* UIKit.framework */ = {isa = PBXFileReference; lastKnownFileType = wrapper.framework; name = UIKit.framework; path = System/Library/Frameworks/UIKit.framework; sourceTree = SDKROOT; };
		492CC92F19405F920026422A /* TableView-Info.plist */ = {isa = PBXFileReference; lastKnownFileType = text.plist.xml; path = "TableView-Info.plist"; sourceTree = "<group>"; };
		492CC93119405F920026422A /* en */ = {isa = PBXFileReference; lastKnownFileType = text.plist.strings; name = en; path = en.lproj/InfoPlist.strings; sourceTree = "<group>"; };
		492CC93319405F920026422A /* main.m */ = {isa = PBXFileReference; lastKnownFileType = sourcecode.c.objc; path = main.m; sourceTree = "<group>"; };
		492CC93519405F920026422A /* TableView-Prefix.pch */ = {isa = PBXFileReference; lastKnownFileType = sourcecode.c.h; path = "TableView-Prefix.pch"; sourceTree = "<group>"; };
		492CC93619405F920026422A /* AppDelegate.h */ = {isa = PBXFileReference; lastKnownFileType = sourcecode.c.h; name = AppDelegate.h; path = TableView/AppDelegate.h; sourceTree = "<group>"; };
		492CC93719405F920026422A /* AppDelegate.m */ = {isa = PBXFileReference; lastKnownFileType = sourcecode.c.objc; name = AppDelegate.m; path = TableView/AppDelegate.m; sourceTree = "<group>"; };
		492CC93919405F920026422A /* Images.xcassets */ = {isa = PBXFileReference; lastKnownFileType = folder.assetcatalog; path = Images.xcassets; sourceTree = "<group>"; };
		492CC93F19405F920026422A /* TableViewTests.xctest */ = {isa = PBXFileReference; explicitFileType = wrapper.cfbundle; includeInIndex = 0; path = TableViewTests.xctest; sourceTree = BUILT_PRODUCTS_DIR; };
		492CC94019405F920026422A /* XCTest.framework */ = {isa = PBXFileReference; lastKnownFileType = wrapper.framework; name = XCTest.framework; path = Library/Frameworks/XCTest.framework; sourceTree = DEVELOPER_DIR; };
		492CC94819405F920026422A /* TableViewTests-Info.plist */ = {isa = PBXFileReference; lastKnownFileType = text.plist.xml; path = "TableViewTests-Info.plist"; sourceTree = "<group>"; };
		492CC94A19405F920026422A /* en */ = {isa = PBXFileReference; lastKnownFileType = text.plist.strings; name = en; path = en.lproj/InfoPlist.strings; sourceTree = "<group>"; };
		492CC94C19405F920026422A /* TableViewTests.m */ = {isa = PBXFileReference; lastKnownFileType = sourcecode.c.objc; path = TableViewTests.m; sourceTree = "<group>"; };
		492CC956194060040026422A /* ListTableViewCell.h */ = {isa = PBXFileReference; fileEncoding = 4; lastKnownFileType = sourcecode.c.h; path = ListTableViewCell.h; sourceTree = "<group>"; };
		492CC957194060040026422A /* ListTableViewCell.m */ = {isa = PBXFileReference; fileEncoding = 4; lastKnownFileType = sourcecode.c.objc; path = ListTableViewCell.m; sourceTree = "<group>"; };
		492CC958194060040026422A /* HomeViewController.h */ = {isa = PBXFileReference; fileEncoding = 4; lastKnownFileType = sourcecode.c.h; path = HomeViewController.h; sourceTree = "<group>"; };
		492CC959194060040026422A /* HomeViewController.m */ = {isa = PBXFileReference; fileEncoding = 4; lastKnownFileType = sourcecode.c.objc; path = HomeViewController.m; sourceTree = "<group>"; };
/* End PBXFileReference section */

/* Begin PBXFrameworksBuildPhase section */
		492CC92119405F910026422A /* Frameworks */ = {
			isa = PBXFrameworksBuildPhase;
			buildActionMask = 2147483647;
			files = (
				492CC92A19405F920026422A /* CoreGraphics.framework in Frameworks */,
				492CC92C19405F920026422A /* UIKit.framework in Frameworks */,
				492CC92819405F920026422A /* Foundation.framework in Frameworks */,
			);
			runOnlyForDeploymentPostprocessing = 0;
		};
		492CC93C19405F920026422A /* Frameworks */ = {
			isa = PBXFrameworksBuildPhase;
			buildActionMask = 2147483647;
			files = (
				492CC94119405F920026422A /* XCTest.framework in Frameworks */,
				492CC94319405F920026422A /* UIKit.framework in Frameworks */,
				492CC94219405F920026422A /* Foundation.framework in Frameworks */,
			);
			runOnlyForDeploymentPostprocessing = 0;
		};
/* End PBXFrameworksBuildPhase section */

/* Begin PBXGroup section */
		27BDE0A21AB9B95700DBF0DA /* WeeksViewController */ = {
			isa = PBXGroup;
			children = (
				27BDE0A31AB9B97600DBF0DA /* FirstWeekViewController.h */,
				27BDE0A41AB9B97600DBF0DA /* FirstWeekViewController.m */,
			);
			name = WeeksViewController;
			sourceTree = "<group>";
		};
		492CC91B19405F910026422A = {
			isa = PBXGroup;
			children = (
				492CC93619405F920026422A /* AppDelegate.h */,
				492CC93719405F920026422A /* AppDelegate.m */,
				27BDE0A61AB9BC2700DBF0DA /* BaseNavigationController.h */,
				27BDE0A71AB9BC2700DBF0DA /* BaseNavigationController.m */,
				27BDE0A21AB9B95700DBF0DA /* WeeksViewController */,
				492CC92D19405F920026422A /* TableView */,
				492CC94619405F920026422A /* TableViewTests */,
				492CC92619405F910026422A /* Frameworks */,
				492CC92519405F910026422A /* Products */,
			);
			sourceTree = "<group>";
		};
		492CC92519405F910026422A /* Products */ = {
			isa = PBXGroup;
			children = (
				492CC92419405F910026422A /* TableView.app */,
				492CC93F19405F920026422A /* TableViewTests.xctest */,
			);
			name = Products;
			sourceTree = "<group>";
		};
		492CC92619405F910026422A /* Frameworks */ = {
			isa = PBXGroup;
			children = (
				492CC92719405F910026422A /* Foundation.framework */,
				492CC92919405F920026422A /* CoreGraphics.framework */,
				492CC92B19405F920026422A /* UIKit.framework */,
				492CC94019405F920026422A /* XCTest.framework */,
			);
			name = Frameworks;
			sourceTree = "<group>";
		};
		492CC92D19405F920026422A /* TableView */ = {
			isa = PBXGroup;
			children = (
				492CC956194060040026422A /* ListTableViewCell.h */,
				492CC957194060040026422A /* ListTableViewCell.m */,
				492CC958194060040026422A /* HomeViewController.h */,
				492CC959194060040026422A /* HomeViewController.m */,
				492CC93919405F920026422A /* Images.xcassets */,
				492CC92E19405F920026422A /* Supporting Files */,
			);
			path = TableView;
			sourceTree = "<group>";
		};
		492CC92E19405F920026422A /* Supporting Files */ = {
			isa = PBXGroup;
			children = (
				492CC92F19405F920026422A /* TableView-Info.plist */,
				492CC93019405F920026422A /* InfoPlist.strings */,
				492CC93319405F920026422A /* main.m */,
				492CC93519405F920026422A /* TableView-Prefix.pch */,
			);
			name = "Supporting Files";
			sourceTree = "<group>";
		};
		492CC94619405F920026422A /* TableViewTests */ = {
			isa = PBXGroup;
			children = (
				492CC94C19405F920026422A /* TableViewTests.m */,
				492CC94719405F920026422A /* Supporting Files */,
			);
			path = TableViewTests;
			sourceTree = "<group>";
		};
		492CC94719405F920026422A /* Supporting Files */ = {
			isa = PBXGroup;
			children = (
				492CC94819405F920026422A /* TableViewTests-Info.plist */,
				492CC94919405F920026422A /* InfoPlist.strings */,
			);
			name = "Supporting Files";
			sourceTree = "<group>";
		};
/* End PBXGroup section */

/* Begin PBXNativeTarget section */
		492CC92319405F910026422A /* TableView */ = {
			isa = PBXNativeTarget;
			buildConfigurationList = 492CC95019405F920026422A /* Build configuration list for PBXNativeTarget "TableView" */;
			buildPhases = (
				492CC92019405F910026422A /* Sources */,
				492CC92119405F910026422A /* Frameworks */,
				492CC92219405F910026422A /* Resources */,
			);
			buildRules = (
			);
			dependencies = (
			);
			name = TableView;
			productName = TableView;
			productReference = 492CC92419405F910026422A /* TableView.app */;
			productType = "com.apple.product-type.application";
		};
		492CC93E19405F920026422A /* TableViewTests */ = {
			isa = PBXNativeTarget;
			buildConfigurationList = 492CC95319405F920026422A /* Build configuration list for PBXNativeTarget "TableViewTests" */;
			buildPhases = (
				492CC93B19405F920026422A /* Sources */,
				492CC93C19405F920026422A /* Frameworks */,
				492CC93D19405F920026422A /* Resources */,
			);
			buildRules = (
			);
			dependencies = (
				492CC94519405F920026422A /* PBXTargetDependency */,
			);
			name = TableViewTests;
			productName = TableViewTests;
			productReference = 492CC93F19405F920026422A /* TableViewTests.xctest */;
			productType = "com.apple.product-type.bundle.unit-test";
		};
/* End PBXNativeTarget section */

/* Begin PBXProject section */
		492CC91C19405F910026422A /* Project object */ = {
			isa = PBXProject;
			attributes = {
				LastUpgradeCheck = 0510;
				ORGANIZATIONNAME = xubing;
				TargetAttributes = {
					492CC93E19405F920026422A = {
						TestTargetID = 492CC92319405F910026422A;
					};
				};
			};
			buildConfigurationList = 492CC91F19405F910026422A /* Build configuration list for PBXProject "TableView" */;
			compatibilityVersion = "Xcode 3.2";
			developmentRegion = English;
			hasScannedForEncodings = 0;
			knownRegions = (
				en,
			);
			mainGroup = 492CC91B19405F910026422A;
			productRefGroup = 492CC92519405F910026422A /* Products */;
			projectDirPath = "";
			projectRoot = "";
			targets = (
				492CC92319405F910026422A /* TableView */,
				492CC93E19405F920026422A /* TableViewTests */,
			);
		};
/* End PBXProject section */

/* Begin PBXResourcesBuildPhase section */
		492CC92219405F910026422A /* Resources */ = {
			isa = PBXResourcesBuildPhase;
			buildActionMask = 2147483647;
			files = (
				492CC93219405F920026422A /* InfoPlist.strings in Resources */,
				492CC93A19405F920026422A /* Images.xcassets in Resources */,
			);
			runOnlyForDeploymentPostprocessing = 0;
		};
		492CC93D19405F920026422A /* Resources */ = {
			isa = PBXResourcesBuildPhase;
			buildActionMask = 2147483647;
			files = (
				492CC94B19405F920026422A /* InfoPlist.strings in Resources */,
			);
			runOnlyForDeploymentPostprocessing = 0;
		};
/* End PBXResourcesBuildPhase section */

/* Begin PBXSourcesBuildPhase section */
		492CC92019405F910026422A /* Sources */ = {
			isa = PBXSourcesBuildPhase;
			buildActionMask = 2147483647;
			files = (
				492CC93819405F920026422A /* AppDelegate.m in Sources */,
				492CC93419405F920026422A /* main.m in Sources */,
				492CC95A194060040026422A /* ListTableViewCell.m in Sources */,
				27BDE0A81AB9BC2700DBF0DA /* BaseNavigationController.m in Sources */,
				492CC95B194060040026422A /* HomeViewController.m in Sources */,
				27BDE0A51AB9B97600DBF0DA /* FirstWeekViewController.m in Sources */,
			);
			runOnlyForDeploymentPostprocessing = 0;
		};
		492CC93B19405F920026422A /* Sources */ = {
			isa = PBXSourcesBuildPhase;
			buildActionMask = 2147483647;
			files = (
				492CC94D19405F920026422A /* TableViewTests.m in Sources */,
			);
			runOnlyForDeploymentPostprocessing = 0;
		};
/* End PBXSourcesBuildPhase section */

/* Begin PBXTargetDependency section */
		492CC94519405F920026422A /* PBXTargetDependency */ = {
			isa = PBXTargetDependency;
			target = 492CC92319405F910026422A /* TableView */;
			targetProxy = 492CC94419405F920026422A /* PBXContainerItemProxy */;
		};
/* End PBXTargetDependency section */

/* Begin PBXVariantGroup section */
		492CC93019405F920026422A /* InfoPlist.strings */ = {
			isa = PBXVariantGroup;
			children = (
				492CC93119405F920026422A /* en */,
			);
			name = InfoPlist.strings;
			sourceTree = "<group>";
		};
		492CC94919405F920026422A /* InfoPlist.strings */ = {
			isa = PBXVariantGroup;
			children = (
				492CC94A19405F920026422A /* en */,
			);
			name = InfoPlist.strings;
			sourceTree = "<group>";
		};
/* End PBXVariantGroup section */

/* Begin XCBuildConfiguration section */
		492CC94E19405F920026422A /* Debug */ = {
			isa = XCBuildConfiguration;
			buildSettings = {
				ALWAYS_SEARCH_USER_PATHS = NO;
				CLANG_CXX_LANGUAGE_STANDARD = "gnu++0x";
				CLANG_CXX_LIBRARY = "libc++";
				CLANG_ENABLE_MODULES = YES;
				CLANG_ENABLE_OBJC_ARC = YES;
				CLANG_WARN_BOOL_CONVERSION = YES;
				CLANG_WARN_CONSTANT_CONVERSION = YES;
				CLANG_WARN_DIRECT_OBJC_ISA_USAGE = YES_ERROR;
				CLANG_WARN_EMPTY_BODY = YES;
				CLANG_WARN_ENUM_CONVERSION = YES;
				CLANG_WARN_INT_CONVERSION = YES;
				CLANG_WARN_OBJC_ROOT_CLASS = YES_ERROR;
				CLANG_WARN__DUPLICATE_METHOD_MATCH = YES;
				"CODE_SIGN_IDENTITY[sdk=iphoneos*]" = "iPhone Developer";
				COPY_PHASE_STRIP = NO;
				GCC_C_LANGUAGE_STANDARD = gnu99;
				GCC_DYNAMIC_NO_PIC = NO;
				GCC_OPTIMIZATION_LEVEL = 0;
				GCC_PREPROCESSOR_DEFINITIONS = (
					"DEBUG=1",
					"$(inherited)",
				);
				GCC_SYMBOLS_PRIVATE_EXTERN = NO;
				GCC_WARN_64_TO_32_BIT_CONVERSION = YES;
				GCC_WARN_ABOUT_RETURN_TYPE = YES_ERROR;
				GCC_WARN_UNDECLARED_SELECTOR = YES;
				GCC_WARN_UNINITIALIZED_AUTOS = YES_AGGRESSIVE;
				GCC_WARN_UNUSED_FUNCTION = YES;
				GCC_WARN_UNUSED_VARIABLE = YES;
				IPHONEOS_DEPLOYMENT_TARGET = 7.1;
				ONLY_ACTIVE_ARCH = YES;
				SDKROOT = iphoneos;
			};
			name = Debug;
		};
		492CC94F19405F920026422A /* Release */ = {
			isa = XCBuildConfiguration;
			buildSettings = {
				ALWAYS_SEARCH_USER_PATHS = NO;
				CLANG_CXX_LANGUAGE_STANDARD = "gnu++0x";
				CLANG_CXX_LIBRARY = "libc++";
				CLANG_ENABLE_MODULES = YES;
				CLANG_ENABLE_OBJC_ARC = YES;
				CLANG_WARN_BOOL_CONVERSION = YES;
				CLANG_WARN_CONSTANT_CONVERSION = YES;
				CLANG_WARN_DIRECT_OBJC_ISA_USAGE = YES_ERROR;
				CLANG_WARN_EMPTY_BODY = YES;
				CLANG_WARN_ENUM_CONVERSION = YES;
				CLANG_WARN_INT_CONVERSION = YES;
				CLANG_WARN_OBJC_ROOT_CLASS = YES_ERROR;
				CLANG_WARN__DUPLICATE_METHOD_MATCH = YES;
				"CODE_SIGN_IDENTITY[sdk=iphoneos*]" = "iPhone Developer";
				COPY_PHASE_STRIP = YES;
				ENABLE_NS_ASSERTIONS = NO;
				GCC_C_LANGUAGE_STANDARD = gnu99;
				GCC_WARN_64_TO_32_BIT_CONVERSION = YES;
				GCC_WARN_ABOUT_RETURN_TYPE = YES_ERROR;
				GCC_WARN_UNDECLARED_SELECTOR = YES;
				GCC_WARN_UNINITIALIZED_AUTOS = YES_AGGRESSIVE;
				GCC_WARN_UNUSED_FUNCTION = YES;
				GCC_WARN_UNUSED_VARIABLE = YES;
				IPHONEOS_DEPLOYMENT_TARGET = 7.1;
				SDKROOT = iphoneos;
				VALIDATE_PRODUCT = YES;
			};
			name = Release;
		};
		492CC95119405F920026422A /* Debug */ = {
			isa = XCBuildConfiguration;
			buildSettings = {
				ASSETCATALOG_COMPILER_APPICON_NAME = AppIcon;
				ASSETCATALOG_COMPILER_LAUNCHIMAGE_NAME = LaunchImage;
				CODE_SIGN_IDENTITY = "iPhone Developer";
				"CODE_SIGN_IDENTITY[sdk=iphoneos*]" = "iPhone Developer";
				GCC_PRECOMPILE_PREFIX_HEADER = YES;
				GCC_PREFIX_HEADER = "TableView/TableView-Prefix.pch";
				INFOPLIST_FILE = "TableView/TableView-Info.plist";
				PRODUCT_NAME = "$(TARGET_NAME)";
				PROVISIONING_PROFILE = "";
				WRAPPER_EXTENSION = app;
			};
			name = Debug;
		};
		492CC95219405F920026422A /* Release */ = {
			isa = XCBuildConfiguration;
			buildSettings = {
				ASSETCATALOG_COMPILER_APPICON_NAME = AppIcon;
				ASSETCATALOG_COMPILER_LAUNCHIMAGE_NAME = LaunchImage;
				CODE_SIGN_IDENTITY = "iPhone Developer";
				"CODE_SIGN_IDENTITY[sdk=iphoneos*]" = "iPhone Developer";
				GCC_PRECOMPILE_PREFIX_HEADER = YES;
				GCC_PREFIX_HEADER = "TableView/TableView-Prefix.pch";
				INFOPLIST_FILE = "TableView/TableView-Info.plist";
				PRODUCT_NAME = "$(TARGET_NAME)";
				PROVISIONING_PROFILE = "";
				WRAPPER_EXTENSION = app;
			};
			name = Release;
		};
		492CC95419405F920026422A /* Debug */ = {
			isa = XCBuildConfiguration;
			buildSettings = {
				BUNDLE_LOADER = "$(BUILT_PRODUCTS_DIR)/TableView.app/TableView";
				FRAMEWORK_SEARCH_PATHS = (
					"$(SDKROOT)/Developer/Library/Frameworks",
					"$(inherited)",
					"$(DEVELOPER_FRAMEWORKS_DIR)",
				);
				GCC_PRECOMPILE_PREFIX_HEADER = YES;
				GCC_PREFIX_HEADER = "TableView/TableView-Prefix.pch";
				GCC_PREPROCESSOR_DEFINITIONS = (
					"DEBUG=1",
					"$(inherited)",
				);
				INFOPLIST_FILE = "TableViewTests/TableViewTests-Info.plist";
				PRODUCT_NAME = "$(TARGET_NAME)";
				TEST_HOST = "$(BUNDLE_LOADER)";
				WRAPPER_EXTENSION = xctest;
			};
			name = Debug;
		};
		492CC95519405F920026422A /* Release */ = {
			isa = XCBuildConfiguration;
			buildSettings = {
				BUNDLE_LOADER = "$(BUILT_PRODUCTS_DIR)/TableView.app/TableView";
				FRAMEWORK_SEARCH_PATHS = (
					"$(SDKROOT)/Developer/Library/Frameworks",
					"$(inherited)",
					"$(DEVELOPER_FRAMEWORKS_DIR)",
				);
				GCC_PRECOMPILE_PREFIX_HEADER = YES;
				GCC_PREFIX_HEADER = "TableView/TableView-Prefix.pch";
				INFOPLIST_FILE = "TableViewTests/TableViewTests-Info.plist";
				PRODUCT_NAME = "$(TARGET_NAME)";
				TEST_HOST = "$(BUNDLE_LOADER)";
				WRAPPER_EXTENSION = xctest;
			};
			name = Release;
		};
/* End XCBuildConfiguration section */

/* Begin XCConfigurationList section */
		492CC91F19405F910026422A /* Build configuration list for PBXProject "TableView" */ = {
			isa = XCConfigurationList;
			buildConfigurations = (
				492CC94E19405F920026422A /* Debug */,
				492CC94F19405F920026422A /* Release */,
			);
			defaultConfigurationIsVisible = 0;
			defaultConfigurationName = Release;
		};
		492CC95019405F920026422A /* Build configuration list for PBXNativeTarget "TableView" */ = {
			isa = XCConfigurationList;
			buildConfigurations = (
				492CC95119405F920026422A /* Debug */,
				492CC95219405F920026422A /* Release */,
			);
			defaultConfigurationIsVisible = 0;
			defaultConfigurationName = Release;
		};
		492CC95319405F920026422A /* Build configuration list for PBXNativeTarget "TableViewTests" */ = {
			isa = XCConfigurationList;
			buildConfigurations = (
				492CC95419405F920026422A /* Debug */,
				492CC95519405F920026422A /* Release */,
			);
			defaultConfigurationIsVisible = 0;
			defaultConfigurationName = Release;
		};
/* End XCConfigurationList section */
	};
	rootObject = 492CC91C19405F910026422A /* Project object */;
}
